
Microsoft Visual Studio Solution File, Format Version 12.00
# Visual Studio Version 16
VisualStudioVersion = 16.6.30114.105
MinimumVisualStudioVersion = 10.0.40219.1
Project("{FAE04EC0-301F-11D3-BF4B-00C04F79EFBC}") = "API", "API\API.csproj", "{CBFD2D11-3F3A-4086-A4C5-A0FF013A24C5}"
EndProject
Project("{FAE04EC0-301F-11D3-BF4B-00C04F79EFBC}") = "Infrastructure", "Infrastructure\Infrastructure.csproj", "{A4C9BB90-0C49-416F-8522-28797B405214}"
EndProject
Project("{FAE04EC0-301F-11D3-BF4B-00C04F79EFBC}") = "Domain", "Domain\Domain.csproj", "{3271A8AE-9938-4EE1-8E3F-48A3DEBEB250}"
EndProject
Project("{FAE04EC0-301F-11D3-BF4B-00C04F79EFBC}") = "Application", "Application\Application.csproj", "{64D8481A-E1DC-4F49-84F7-7D6078408155}"
EndProject
Global
	GlobalSection(SolutionConfigurationPlatforms) = preSolution
		Debug|Any CPU = Debug|Any CPU
		Debug|x64 = Debug|x64
		Debug|x86 = Debug|x86
		Release|Any CPU = Release|Any CPU
		Release|x64 = Release|x64
		Release|x86 = Release|x86
	EndGlobalSection
	GlobalSection(SolutionProperties) = preSolution
		HideSolutionNode = FALSE
	EndGlobalSection
	GlobalSection(ProjectConfigurationPlatforms) = postSolution
		{CBFD2D11-3F3A-4086-A4C5-A0FF013A24C5}.Debug|Any CPU.ActiveCfg = Debug|Any CPU
		{CBFD2D11-3F3A-4086-A4C5-A0FF013A24C5}.Debug|Any CPU.Build.0 = Debug|Any CPU
		{CBFD2D11-3F3A-4086-A4C5-A0FF013A24C5}.Debug|x64.ActiveCfg = Debug|Any CPU
		{CBFD2D11-3F3A-4086-A4C5-A0FF013A24C5}.Debug|x64.Build.0 = Debug|Any CPU
		{CBFD2D11-3F3A-4086-A4C5-A0FF013A24C5}.Debug|x86.ActiveCfg = Debug|Any CPU
		{CBFD2D11-3F3A-4086-A4C5-A0FF013A24C5}.Debug|x86.Build.0 = Debug|Any CPU
		{CBFD2D11-3F3A-4086-A4C5-A0FF013A24C5}.Release|Any CPU.ActiveCfg = Release|Any CPU
		{CBFD2D11-3F3A-4086-A4C5-A0FF013A24C5}.Release|Any CPU.Build.0 = Release|Any CPU
		{CBFD2D11-3F3A-4086-A4C5-A0FF013A24C5}.Release|x64.ActiveCfg = Release|Any CPU
		{CBFD2D11-3F3A-4086-A4C5-A0FF013A24C5}.Release|x64.Build.0 = Release|Any CPU
		{CBFD2D11-3F3A-4086-A4C5-A0FF013A24C5}.Release|x86.ActiveCfg = Release|Any CPU
		{CBFD2D11-3F3A-4086-A4C5-A0FF013A24C5}.Release|x86.Build.0 = Release|Any CPU
		{A4C9BB90-0C49-416F-8522-28797B405214}.Debug|Any CPU.ActiveCfg = Debug|Any CPU
		{A4C9BB90-0C49-416F-8522-28797B405214}.Debug|Any CPU.Build.0 = Debug|Any CPU
		{A4C9BB90-0C49-416F-8522-28797B405214}.Debug|x64.ActiveCfg = Debug|Any CPU
		{A4C9BB90-0C49-416F-8522-28797B405214}.Debug|x64.Build.0 = Debug|Any CPU
		{A4C9BB90-0C49-416F-8522-28797B405214}.Debug|x86.ActiveCfg = Debug|Any CPU
		{A4C9BB90-0C49-416F-8522-28797B405214}.Debug|x86.Build.0 = Debug|Any CPU
		{A4C9BB90-0C49-416F-8522-28797B405214}.Release|Any CPU.ActiveCfg = Release|Any CPU
		{A4C9BB90-0C49-416F-8522-28797B405214}.Release|Any CPU.Build.0 = Release|Any CPU
		{A4C9BB90-0C49-416F-8522-28797B405214}.Release|x64.ActiveCfg = Release|Any CPU
		{A4C9BB90-0C49-416F-8522-28797B405214}.Release|x64.Build.0 = Release|Any CPU
		{A4C9BB90-0C49-416F-8522-28797B405214}.Release|x86.ActiveCfg = Release|Any CPU
		{A4C9BB90-0C49-416F-8522-28797B405214}.Release|x86.Build.0 = Release|Any CPU
		{3271A8AE-9938-4EE1-8E3F-48A3DEBEB250}.Debug|Any CPU.ActiveCfg = Debug|Any CPU
		{3271A8AE-9938-4EE1-8E3F-48A3DEBEB250}.Debug|Any CPU.Build.0 = Debug|Any CPU
		{3271A8AE-9938-4EE1-8E3F-48A3DEBEB250}.Debug|x64.ActiveCfg = Debug|Any CPU
		{3271A8AE-9938-4EE1-8E3F-48A3DEBEB250}.Debug|x64.Build.0 = Debug|Any CPU
		{3271A8AE-9938-4EE1-8E3F-48A3DEBEB250}.Debug|x86.ActiveCfg = Debug|Any CPU
		{3271A8AE-9938-4EE1-8E3F-48A3DEBEB250}.Debug|x86.Build.0 = Debug|Any CPU
		{3271A8AE-9938-4EE1-8E3F-48A3DEBEB250}.Release|Any CPU.ActiveCfg = Release|Any CPU
		{3271A8AE-9938-4EE1-8E3F-48A3DEBEB250}.Release|Any CPU.Build.0 = Release|Any CPU
		{3271A8AE-9938-4EE1-8E3F-48A3DEBEB250}.Release|x64.ActiveCfg = Release|Any CPU
		{3271A8AE-9938-4EE1-8E3F-48A3DEBEB250}.Release|x64.Build.0 = Release|Any CPU
		{3271A8AE-9938-4EE1-8E3F-48A3DEBEB250}.Release|x86.ActiveCfg = Release|Any CPU
		{3271A8AE-9938-4EE1-8E3F-48A3DEBEB250}.Release|x86.Build.0 = Release|Any CPU
		{64D8481A-E1DC-4F49-84F7-7D6078408155}.Debug|Any CPU.ActiveCfg = Debug|Any CPU
		{64D8481A-E1DC-4F49-84F7-7D6078408155}.Debug|Any CPU.Build.0 = Debug|Any CPU
		{64D8481A-E1DC-4F49-84F7-7D6078408155}.Debug|x64.ActiveCfg = Debug|Any CPU
		{64D8481A-E1DC-4F49-84F7-7D6078408155}.Debug|x64.Build.0 = Debug|Any CPU
		{64D8481A-E1DC-4F49-84F7-7D6078408155}.Debug|x86.ActiveCfg = Debug|Any CPU
		{64D8481A-E1DC-4F49-84F7-7D6078408155}.Debug|x86.Build.0 = Debug|Any CPU
		{64D8481A-E1DC-4F49-84F7-7D6078408155}.Release|Any CPU.ActiveCfg = Release|Any CPU
		{64D8481A-E1DC-4F49-84F7-7D6078408155}.Release|Any CPU.Build.0 = Release|Any CPU
		{64D8481A-E1DC-4F49-84F7-7D6078408155}.Release|x64.ActiveCfg = Release|Any CPU
		{64D8481A-E1DC-4F49-84F7-7D6078408155}.Release|x64.Build.0 = Release|Any CPU
		{64D8481A-E1DC-4F49-84F7-7D6078408155}.Release|x86.ActiveCfg = Release|Any CPU
		{64D8481A-E1DC-4F49-84F7-7D6078408155}.Release|x86.Build.0 = Release|Any CPU
	EndGlobalSection
EndGlobal
